Microsoft Visual Studio Solution File, Format Version 12.00
# Visual Studio Version 18
VisualStudioVersion = 18.4.11620.152 stable
MinimumVisualStudioVersion = 10.0.40219.1
Project("{FAE04EC0-301F-11D3-BF4B-00C04F79EFBC}") = "CondominioServer", "CondominioServer\CondominioServer.csproj", "{273F3048-F6D0-421B-8341-08E4308D7A37}"
EndProject
Project("{FAE04EC0-301F-11D3-BF4B-00C04F79EFBC}") = "CondominioApp", "CondominioApp\CondominioApp.csproj", "{81B2EB49-770F-4995-9523-09013B77E1AF}"
EndProject
Global
	GlobalSection(SolutionConfigurationPlatforms) = preSolution
		Debug|Any CPU = Debug|Any CPU
		Release|Any CPU = Release|Any CPU
	EndGlobalSection
	GlobalSection(ProjectConfigurationPlatforms) = postSolution
		{273F3048-F6D0-421B-8341-08E4308D7A37}.Debug|Any CPU.ActiveCfg = Debug|Any CPU
		{273F3048-F6D0-421B-8341-08E4308D7A37}.Debug|Any CPU.Build.0 = Debug|Any CPU
		{273F3048-F6D0-421B-8341-08E4308D7A37}.Release|Any CPU.ActiveCfg = Release|Any CPU
		{273F3048-F6D0-421B-8341-08E4308D7A37}.Release|Any CPU.Build.0 = Release|Any CPU
		{81B2EB49-770F-4995-9523-09013B77E1AF}.Debug|Any CPU.ActiveCfg = Debug|Any CPU
		{81B2EB49-770F-4995-9523-09013B77E1AF}.Debug|Any CPU.Build.0 = Debug|Any CPU
		{81B2EB49-770F-4995-9523-09013B77E1AF}.Release|Any CPU.ActiveCfg = Release|Any CPU
		{81B2EB49-770F-4995-9523-09013B77E1AF}.Release|Any CPU.Build.0 = Release|Any CPU
	EndGlobalSection
	GlobalSection(SolutionProperties) = preSolution
		HideSolutionNode = FALSE
	EndGlobalSection
	GlobalSection(ExtensibilityGlobals) = postSolution
		SolutionGuid = {61F7FB11-1E47-470C-91E2-47F8143E1572}
	EndGlobalSection
EndGlobal
